
Microsoft Visual Studio Solution File, Format Version 12.00
# Visual Studio 15
VisualStudioVersion = 15.0.28307.489
MinimumVisualStudioVersion = 10.0.40219.1
Project("{8BC9CEB8-8B4A-11D0-8D11-00A0C91BC942}") = "Polynomial", "Polynomial\Polynomial.vcxproj", "{79D31CE7-9D13-4567-9408-1EA3E8CC7BF9}"
EndProject
Global
	GlobalSection(SolutionConfigurationPlatforms) = preSolution
		Debug|x64 = Debug|x64
		Debug|x86 = Debug|x86
		Release|x64 = Release|x64
		Release|x86 = Release|x86
	EndGlobalSection
	GlobalSection(ProjectConfigurationPlatforms) = postSolution
		{79D31CE7-9D13-4567-9408-1EA3E8CC7BF9}.Debug|x64.ActiveCfg = Debug|x64
		{79D31CE7-9D13-4567-9408-1EA3E8CC7BF9}.Debug|x64.Build.0 = Debug|x64
		{79D31CE7-9D13-4567-9408-1EA3E8CC7BF9}.Debug|x86.ActiveCfg = Debug|Win32
		{79D31CE7-9D13-4567-9408-1EA3E8CC7BF9}.Debug|x86.Build.0 = Debug|Win32
		{79D31CE7-9D13-4567-9408-1EA3E8CC7BF9}.Release|x64.ActiveCfg = Release|x64
		{79D31CE7-9D13-4567-9408-1EA3E8CC7BF9}.Release|x64.Build.0 = Release|x64
		{79D31CE7-9D13-4567-9408-1EA3E8CC7BF9}.Release|x86.ActiveCfg = Release|Win32
		{79D31CE7-9D13-4567-9408-1EA3E8CC7BF9}.Release|x86.Build.0 = Release|Win32
	EndGlobalSection
	GlobalSection(SolutionProperties) = preSolution
		HideSolutionNode = FALSE
	EndGlobalSection
	GlobalSection(ExtensibilityGlobals) = postSolution
		SolutionGuid = {02872C01-E57F-49BB-B933-2934E92F2190}
	EndGlobalSection
EndGlobal
